// !$*UTF8*$!
{
	archiveVersion = 1;
	classes = {
	};
	objectVersion = 56;
	objects = {

/* Begin PBXBuildFile section */
		DA16FBDF2C04FB91003171C8 /* CatalogScreenView.swift in Sources */ = {isa = PBXBuildFile; fileRef = DA16FBDE2C04FB91003171C8 /* CatalogScreenView.swift */; };
		DA16FBE22C04FBCE003171C8 /* BackgroundView.swift in Sources */ = {isa = PBXBuildFile; fileRef = DA16FBE12C04FBCE003171C8 /* BackgroundView.swift */; };
		DA16FBE42C051025003171C8 /* MovieCardView.swift in Sources */ = {isa = PBXBuildFile; fileRef = DA16FBE32C051025003171C8 /* MovieCardView.swift */; };
		DA16FBEA2C0523C7003171C8 /* CatalogInteractor.swift in Sources */ = {isa = PBXBuildFile; fileRef = DA16FBE92C0523C7003171C8 /* CatalogInteractor.swift */; };
		DA16FBEC2C052403003171C8 /* CatalogPresenter.swift in Sources */ = {isa = PBXBuildFile; fileRef = DA16FBEB2C052403003171C8 /* CatalogPresenter.swift */; };
		DA16FBF22C062E1B003171C8 /* AppScreenBuilder.swift in Sources */ = {isa = PBXBuildFile; fileRef = DA16FBF12C062E1B003171C8 /* AppScreenBuilder.swift */; };
		DA16FBF42C063372003171C8 /* RootView.swift in Sources */ = {isa = PBXBuildFile; fileRef = DA16FBF32C063372003171C8 /* RootView.swift */; };
		DA16FBF62C063404003171C8 /* NavigationService.swift in Sources */ = {isa = PBXBuildFile; fileRef = DA16FBF52C063404003171C8 /* NavigationService.swift */; };
		DA16FBF82C063655003171C8 /* CatalogRouter.swift in Sources */ = {isa = PBXBuildFile; fileRef = DA16FBF72C063655003171C8 /* CatalogRouter.swift */; };
		DA16FBFA2C075CA1003171C8 /* MovieCard.swift in Sources */ = {isa = PBXBuildFile; fileRef = DA16FBF92C075CA1003171C8 /* MovieCard.swift */; };
		DA16FBFC2C07827A003171C8 /* Typealias.swift in Sources */ = {isa = PBXBuildFile; fileRef = DA16FBFB2C07827A003171C8 /* Typealias.swift */; };
		DA16FBFE2C079149003171C8 /* DetailsScreenView.swift in Sources */ = {isa = PBXBuildFile; fileRef = DA16FBFD2C079149003171C8 /* DetailsScreenView.swift */; };
		DA16FC002C079330003171C8 /* DetailsPresenter.swift in Sources */ = {isa = PBXBuildFile; fileRef = DA16FBFF2C079330003171C8 /* DetailsPresenter.swift */; };
		DA16FC022C089E80003171C8 /* RatingView.swift in Sources */ = {isa = PBXBuildFile; fileRef = DA16FC012C089E80003171C8 /* RatingView.swift */; };
		DAAAA9B12BD6E01A0009D60C /* AppDelegate.swift in Sources */ = {isa = PBXBuildFile; fileRef = DAAAA9B02BD6E01A0009D60C /* AppDelegate.swift */; };
		DAAAA9B32BD6E01A0009D60C /* SceneDelegate.swift in Sources */ = {isa = PBXBuildFile; fileRef = DAAAA9B22BD6E01A0009D60C /* SceneDelegate.swift */; };
		DAAAA9BA2BD6E01E0009D60C /* Images.xcassets in Resources */ = {isa = PBXBuildFile; fileRef = DAAAA9B92BD6E01E0009D60C /* Images.xcassets */; };
		DAAAA9BD2BD6E01E0009D60C /* Base in Resources */ = {isa = PBXBuildFile; fileRef = DAAAA9BC2BD6E01E0009D60C /* Base */; };
		DAAAA9C82BD6E01F0009D60C /* CatalogViewModelTests.swift in Sources */ = {isa = PBXBuildFile; fileRef = DAAAA9C72BD6E01F0009D60C /* CatalogViewModelTests.swift */; };
		DAAAA9D22BD6E0200009D60C /* CinemaStarUITests.swift in Sources */ = {isa = PBXBuildFile; fileRef = DAAAA9D12BD6E0200009D60C /* CinemaStarUITests.swift */; };
		DAAAA9D42BD6E0200009D60C /* CinemaStarUITestsLaunchTests.swift in Sources */ = {isa = PBXBuildFile; fileRef = DAAAA9D32BD6E0200009D60C /* CinemaStarUITestsLaunchTests.swift */; };
		DAAAA9E22BD6E30E0009D60C /* Colors.xcassets in Resources */ = {isa = PBXBuildFile; fileRef = DAAAA9E12BD6E30E0009D60C /* Colors.xcassets */; };
		DAAAA9EB2BD6E9B50009D60C /* Inter-Black.ttf in Resources */ = {isa = PBXBuildFile; fileRef = DAAAA9E82BD6E9B50009D60C /* Inter-Black.ttf */; };
		DAAAA9EC2BD6E9B50009D60C /* Inter-Regular.ttf in Resources */ = {isa = PBXBuildFile; fileRef = DAAAA9E92BD6E9B50009D60C /* Inter-Regular.ttf */; };
		DAAAA9ED2BD6E9B50009D60C /* Inter-SemiBold.ttf in Resources */ = {isa = PBXBuildFile; fileRef = DAAAA9EA2BD6E9B50009D60C /* Inter-SemiBold.ttf */; };
		DACF25802BD7D50E00D78225 /* CustomObservableObject.swift in Sources */ = {isa = PBXBuildFile; fileRef = DACF257F2BD7D50E00D78225 /* CustomObservableObject.swift */; };
		DACF25822BD7E32900D78225 /* MoviePreview.swift in Sources */ = {isa = PBXBuildFile; fileRef = DACF25812BD7E32900D78225 /* MoviePreview.swift */; };
		DACF25862BD7E5E600D78225 /* WrapperDTO.swift in Sources */ = {isa = PBXBuildFile; fileRef = DACF25852BD7E5E600D78225 /* WrapperDTO.swift */; };
		DACF25882BD7E61700D78225 /* MoviePreviewDTO.swift in Sources */ = {isa = PBXBuildFile; fileRef = DACF25872BD7E61700D78225 /* MoviePreviewDTO.swift */; };
		DACF258A2BD7E64200D78225 /* PosterDTO.swift in Sources */ = {isa = PBXBuildFile; fileRef = DACF25892BD7E64200D78225 /* PosterDTO.swift */; };
		DACF258C2BD7E65400D78225 /* RatingDTO.swift in Sources */ = {isa = PBXBuildFile; fileRef = DACF258B2BD7E65400D78225 /* RatingDTO.swift */; };
		DACF258E2BD7E99000D78225 /* MovieDetails.swift in Sources */ = {isa = PBXBuildFile; fileRef = DACF258D2BD7E99000D78225 /* MovieDetails.swift */; };
		DACF25902BD7EA1B00D78225 /* CountryDTO.swift in Sources */ = {isa = PBXBuildFile; fileRef = DACF258F2BD7EA1B00D78225 /* CountryDTO.swift */; };
		DACF25922BD7EB3900D78225 /* MovieDetailsDTO.swift in Sources */ = {isa = PBXBuildFile; fileRef = DACF25912BD7EB3900D78225 /* MovieDetailsDTO.swift */; };
		DACF25942BD7EB9A00D78225 /* PersonDTO.swift in Sources */ = {isa = PBXBuildFile; fileRef = DACF25932BD7EB9A00D78225 /* PersonDTO.swift */; };
		DACF25962BD7ECB200D78225 /* LanguageDTO.swift in Sources */ = {isa = PBXBuildFile; fileRef = DACF25952BD7ECB200D78225 /* LanguageDTO.swift */; };
		DACF25982BD7F04500D78225 /* Actor.swift in Sources */ = {isa = PBXBuildFile; fileRef = DACF25972BD7F04500D78225 /* Actor.swift */; };
		DACF259C2BD80A2E00D78225 /* APIResource.swift in Sources */ = {isa = PBXBuildFile; fileRef = DACF259B2BD80A2E00D78225 /* APIResource.swift */; };
		DACF259E2BD80CD800D78225 /* MoviesResource.swift in Sources */ = {isa = PBXBuildFile; fileRef = DACF259D2BD80CD800D78225 /* MoviesResource.swift */; };
		DACF25A02BD80E5300D78225 /* MovieDetailsResource.swift in Sources */ = {isa = PBXBuildFile; fileRef = DACF259F2BD80E5300D78225 /* MovieDetailsResource.swift */; };
		DACF25A22BD80EC400D78225 /* NetworkRequest.swift in Sources */ = {isa = PBXBuildFile; fileRef = DACF25A12BD80EC400D78225 /* NetworkRequest.swift */; };
		DACF25A42BD80FA800D78225 /* ImageRequest.swift in Sources */ = {isa = PBXBuildFile; fileRef = DACF25A32BD80FA800D78225 /* ImageRequest.swift */; };
		DACF25A62BD810B000D78225 /* APIRequest.swift in Sources */ = {isa = PBXBuildFile; fileRef = DACF25A52BD810B000D78225 /* APIRequest.swift */; };
		DACF25A82BD8135900D78225 /* NetworkError.swift in Sources */ = {isa = PBXBuildFile; fileRef = DACF25A72BD8135900D78225 /* NetworkError.swift */; };
		DACF25B22BD8285A00D78225 /* ViewState.swift in Sources */ = {isa = PBXBuildFile; fileRef = DACF25B12BD8285A00D78225 /* ViewState.swift */; };
		DACF25B52BD82CCB00D78225 /* DetailsViewController.swift in Sources */ = {isa = PBXBuildFile; fileRef = DACF25B42BD82CCB00D78225 /* DetailsViewController.swift */; };
		DACF25B72BD82D0900D78225 /* DetailsViewModel.swift in Sources */ = {isa = PBXBuildFile; fileRef = DACF25B62BD82D0900D78225 /* DetailsViewModel.swift */; };
		DACF25B92BD835D400D78225 /* Coordinator.swift in Sources */ = {isa = PBXBuildFile; fileRef = DACF25B82BD835D400D78225 /* Coordinator.swift */; };
		DACF25BB2BD8362D00D78225 /* AppCoordinator.swift in Sources */ = {isa = PBXBuildFile; fileRef = DACF25BA2BD8362D00D78225 /* AppCoordinator.swift */; };
		DACF25BE2BD839BC00D78225 /* CatalogCoordinator.swift in Sources */ = {isa = PBXBuildFile; fileRef = DACF25BD2BD839BC00D78225 /* CatalogCoordinator.swift */; };
		DACF25C22BD83FF200D78225 /* TokenStorage.swift in Sources */ = {isa = PBXBuildFile; fileRef = DACF25C12BD83FF200D78225 /* TokenStorage.swift */; };
		DACF25C52BD840E200D78225 /* Keychain in Frameworks */ = {isa = PBXBuildFile; productRef = DACF25C42BD840E200D78225 /* Keychain */; };
		DACF25C82BD849E000D78225 /* Storage.swift in Sources */ = {isa = PBXBuildFile; fileRef = DACF25C72BD849E000D78225 /* Storage.swift */; };
		DACF25CA2BD84B4100D78225 /* UserDefaultsStorage.swift in Sources */ = {isa = PBXBuildFile; fileRef = DACF25C92BD84B4100D78225 /* UserDefaultsStorage.swift */; };
		DACF25CD2BD99AA700D78225 /* DetailsTableView.swift in Sources */ = {isa = PBXBuildFile; fileRef = DACF25CC2BD99AA700D78225 /* DetailsTableView.swift */; };
		DACF25D02BD99B1300D78225 /* SnapKit in Frameworks */ = {isa = PBXBuildFile; productRef = DACF25CF2BD99B1300D78225 /* SnapKit */; };
		DACF25D32BD99DAA00D78225 /* AppBackgroundGradientLayer.swift in Sources */ = {isa = PBXBuildFile; fileRef = DACF25D22BD99DAA00D78225 /* AppBackgroundGradientLayer.swift */; };
		DACF25D52BDAD5E000D78225 /* DetailsHeaderTableViewCell.swift in Sources */ = {isa = PBXBuildFile; fileRef = DACF25D42BDAD5E000D78225 /* DetailsHeaderTableViewCell.swift */; };
		DACF25D82BDAD8FF00D78225 /* UIFont+Extension.swift in Sources */ = {isa = PBXBuildFile; fileRef = DACF25D72BDAD8FF00D78225 /* UIFont+Extension.swift */; };
		DACF25DA2BDAE0EE00D78225 /* DetailsWatchTableViewCell.swift in Sources */ = {isa = PBXBuildFile; fileRef = DACF25D92BDAE0EE00D78225 /* DetailsWatchTableViewCell.swift */; };
		DACF25DC2BDAE6F600D78225 /* DetailsDescriptionTableViewCell.swift in Sources */ = {isa = PBXBuildFile; fileRef = DACF25DB2BDAE6F600D78225 /* DetailsDescriptionTableViewCell.swift */; };
		DACF25DE2BDAEA2400D78225 /* DetailsReleaseInfoTableViewCell.swift in Sources */ = {isa = PBXBuildFile; fileRef = DACF25DD2BDAEA2400D78225 /* DetailsReleaseInfoTableViewCell.swift */; };
		DACF25E02BDAEBAC00D78225 /* DetailsLanguageTableViewCell.swift in Sources */ = {isa = PBXBuildFile; fileRef = DACF25DF2BDAEBAC00D78225 /* DetailsLanguageTableViewCell.swift */; };
		DACF25E22BDAF84400D78225 /* LoadImageService.swift in Sources */ = {isa = PBXBuildFile; fileRef = DACF25E12BDAF84400D78225 /* LoadImageService.swift */; };
		DACF25E42BDB0CD900D78225 /* DetailsShimmerTableViewCell.swift in Sources */ = {isa = PBXBuildFile; fileRef = DACF25E32BDB0CD900D78225 /* DetailsShimmerTableViewCell.swift */; };
		DACF25E62BDB0F7000D78225 /* ShimmerLayer.swift in Sources */ = {isa = PBXBuildFile; fileRef = DACF25E52BDB0F7000D78225 /* ShimmerLayer.swift */; };
		DAD365CB2BDBD45E009A223D /* DetailsActorsTableViewCell.swift in Sources */ = {isa = PBXBuildFile; fileRef = DAD365CA2BDBD45E009A223D /* DetailsActorsTableViewCell.swift */; };
		DAD365CD2BDBDB46009A223D /* ActorCollectionViewCell.swift in Sources */ = {isa = PBXBuildFile; fileRef = DAD365CC2BDBDB46009A223D /* ActorCollectionViewCell.swift */; };
		DAD365CF2BDBE723009A223D /* DetailsRecommendationsTableViewCell.swift in Sources */ = {isa = PBXBuildFile; fileRef = DAD365CE2BDBE723009A223D /* DetailsRecommendationsTableViewCell.swift */; };
		DAD365D12BDBE75C009A223D /* PreviewCollectionViewCell.swift in Sources */ = {isa = PBXBuildFile; fileRef = DAD365D02BDBE75C009A223D /* PreviewCollectionViewCell.swift */; };
		DAD365D62BDC1746009A223D /* AlertMessage.swift in Sources */ = {isa = PBXBuildFile; fileRef = DAD365D52BDC1746009A223D /* AlertMessage.swift */; };
		DAD365DA2BDC340D009A223D /* NetworkService.swift in Sources */ = {isa = PBXBuildFile; fileRef = DAD365D92BDC340D009A223D /* NetworkService.swift */; };
		DAD365DD2BDD3D0D009A223D /* MockObjects.swift in Sources */ = {isa = PBXBuildFile; fileRef = DAD365DC2BDD3D0D009A223D /* MockObjects.swift */; };
		DAD365DF2BDD3F25009A223D /* MockNetworkService.swift in Sources */ = {isa = PBXBuildFile; fileRef = DAD365DE2BDD3F25009A223D /* MockNetworkService.swift */; };
		DAD365E12BDD3F4B009A223D /* MockCatalogCoordinator.swift in Sources */ = {isa = PBXBuildFile; fileRef = DAD365E02BDD3F4B009A223D /* MockCatalogCoordinator.swift */; };
		DAD365E32BDD3F5B009A223D /* MockLoadImageService.swift in Sources */ = {isa = PBXBuildFile; fileRef = DAD365E22BDD3F5B009A223D /* MockLoadImageService.swift */; };
		DAD365E52BDD4586009A223D /* DetailsViewModelTests.swift in Sources */ = {isa = PBXBuildFile; fileRef = DAD365E42BDD4586009A223D /* DetailsViewModelTests.swift */; };
		DAD365E72BDD47A1009A223D /* MockStorageService.swift in Sources */ = {isa = PBXBuildFile; fileRef = DAD365E62BDD47A1009A223D /* MockStorageService.swift */; };
/* End PBXBuildFile section */

/* Begin PBXContainerItemProxy section */
		DAAAA9C42BD6E01F0009D60C /* PBXContainerItemProxy */ = {
			isa = PBXContainerItemProxy;
			containerPortal = DAAAA9A52BD6E01A0009D60C /* Project object */;
			proxyType = 1;
			remoteGlobalIDString = DAAAA9AC2BD6E01A0009D60C;
			remoteInfo = CinemaStar;
		};
		DAAAA9CE2BD6E0200009D60C /* PBXContainerItemProxy */ = {
			isa = PBXContainerItemProxy;
			containerPortal = DAAAA9A52BD6E01A0009D60C /* Project object */;
			proxyType = 1;
			remoteGlobalIDString = DAAAA9AC2BD6E01A0009D60C;
			remoteInfo = CinemaStar;
		};
/* End PBXContainerItemProxy section */

/* Begin PBXFileReference section */
		DA16FBDE2C04FB91003171C8 /* CatalogScreenView.swift */ = {isa = PBXFileReference; lastKnownFileType = sourcecode.swift; path = CatalogScreenView.swift; sourceTree = "<group>"; };
		DA16FBE12C04FBCE003171C8 /* BackgroundView.swift */ = {isa = PBXFileReference; lastKnownFileType = sourcecode.swift; path = BackgroundView.swift; sourceTree = "<group>"; };
		DA16FBE32C051025003171C8 /* MovieCardView.swift */ = {isa = PBXFileReference; lastKnownFileType = sourcecode.swift; path = MovieCardView.swift; sourceTree = "<group>"; };
		DA16FBE92C0523C7003171C8 /* CatalogInteractor.swift */ = {isa = PBXFileReference; lastKnownFileType = sourcecode.swift; path = CatalogInteractor.swift; sourceTree = "<group>"; };
		DA16FBEB2C052403003171C8 /* CatalogPresenter.swift */ = {isa = PBXFileReference; lastKnownFileType = sourcecode.swift; path = CatalogPresenter.swift; sourceTree = "<group>"; };
		DA16FBF12C062E1B003171C8 /* AppScreenBuilder.swift */ = {isa = PBXFileReference; lastKnownFileType = sourcecode.swift; path = AppScreenBuilder.swift; sourceTree = "<group>"; };
		DA16FBF32C063372003171C8 /* RootView.swift */ = {isa = PBXFileReference; lastKnownFileType = sourcecode.swift; path = RootView.swift; sourceTree = "<group>"; };
		DA16FBF52C063404003171C8 /* NavigationService.swift */ = {isa = PBXFileReference; lastKnownFileType = sourcecode.swift; path = NavigationService.swift; sourceTree = "<group>"; };
		DA16FBF72C063655003171C8 /* CatalogRouter.swift */ = {isa = PBXFileReference; lastKnownFileType = sourcecode.swift; path = CatalogRouter.swift; sourceTree = "<group>"; };
		DA16FBF92C075CA1003171C8 /* MovieCard.swift */ = {isa = PBXFileReference; lastKnownFileType = sourcecode.swift; path = MovieCard.swift; sourceTree = "<group>"; };
		DA16FBFB2C07827A003171C8 /* Typealias.swift */ = {isa = PBXFileReference; lastKnownFileType = sourcecode.swift; path = Typealias.swift; sourceTree = "<group>"; };
		DA16FBFD2C079149003171C8 /* DetailsScreenView.swift */ = {isa = PBXFileReference; lastKnownFileType = sourcecode.swift; path = DetailsScreenView.swift; sourceTree = "<group>"; };
		DA16FBFF2C079330003171C8 /* DetailsPresenter.swift */ = {isa = PBXFileReference; lastKnownFileType = sourcecode.swift; path = DetailsPresenter.swift; sourceTree = "<group>"; };
		DA16FC012C089E80003171C8 /* RatingView.swift */ = {isa = PBXFileReference; lastKnownFileType = sourcecode.swift; path = RatingView.swift; sourceTree = "<group>"; };
		DAAAA9AD2BD6E01A0009D60C /* CinemaStar.app */ = {isa = PBXFileReference; explicitFileType = wrapper.application; includeInIndex = 0; path = CinemaStar.app; sourceTree = BUILT_PRODUCTS_DIR; };
		DAAAA9B02BD6E01A0009D60C /* AppDelegate.swift */ = {isa = PBXFileReference; lastKnownFileType = sourcecode.swift; path = AppDelegate.swift; sourceTree = "<group>"; };
		DAAAA9B22BD6E01A0009D60C /* SceneDelegate.swift */ = {isa = PBXFileReference; lastKnownFileType = sourcecode.swift; path = SceneDelegate.swift; sourceTree = "<group>"; };
		DAAAA9B92BD6E01E0009D60C /* Images.xcassets */ = {isa = PBXFileReference; lastKnownFileType = folder.assetcatalog; path = Images.xcassets; sourceTree = "<group>"; };
		DAAAA9BC2BD6E01E0009D60C /* Base */ = {isa = PBXFileReference; lastKnownFileType = file.storyboard; name = Base; path = Base.lproj/LaunchScreen.storyboard; sourceTree = "<group>"; };
		DAAAA9BE2BD6E01E0009D60C /* Info.plist */ = {isa = PBXFileReference; lastKnownFileType = text.plist.xml; path = Info.plist; sourceTree = "<group>"; };
		DAAAA9C32BD6E01F0009D60C /* CinemaStarTests.xctest */ = {isa = PBXFileReference; explicitFileType = wrapper.cfbundle; includeInIndex = 0; path = CinemaStarTests.xctest; sourceTree = BUILT_PRODUCTS_DIR; };
		DAAAA9C72BD6E01F0009D60C /* CatalogViewModelTests.swift */ = {isa = PBXFileReference; lastKnownFileType = sourcecode.swift; path = CatalogViewModelTests.swift; sourceTree = "<group>"; };
		DAAAA9CD2BD6E0200009D60C /* CinemaStarUITests.xctest */ = {isa = PBXFileReference; explicitFileType = wrapper.cfbundle; includeInIndex = 0; path = CinemaStarUITests.xctest; sourceTree = BUILT_PRODUCTS_DIR; };
		DAAAA9D12BD6E0200009D60C /* CinemaStarUITests.swift */ = {isa = PBXFileReference; lastKnownFileType = sourcecode.swift; path = CinemaStarUITests.swift; sourceTree = "<group>"; };
		DAAAA9D32BD6E0200009D60C /* CinemaStarUITestsLaunchTests.swift */ = {isa = PBXFileReference; lastKnownFileType = sourcecode.swift; path = CinemaStarUITestsLaunchTests.swift; sourceTree = "<group>"; };
		DAAAA9E12BD6E30E0009D60C /* Colors.xcassets */ = {isa = PBXFileReference; lastKnownFileType = folder.assetcatalog; path = Colors.xcassets; sourceTree = "<group>"; };
		DAAAA9E82BD6E9B50009D60C /* Inter-Black.ttf */ = {isa = PBXFileReference; lastKnownFileType = file; path = "Inter-Black.ttf"; sourceTree = "<group>"; };
		DAAAA9E92BD6E9B50009D60C /* Inter-Regular.ttf */ = {isa = PBXFileReference; lastKnownFileType = file; path = "Inter-Regular.ttf"; sourceTree = "<group>"; };
		DAAAA9EA2BD6E9B50009D60C /* Inter-SemiBold.ttf */ = {isa = PBXFileReference; lastKnownFileType = file; path = "Inter-SemiBold.ttf"; sourceTree = "<group>"; };
		DACF257F2BD7D50E00D78225 /* CustomObservableObject.swift */ = {isa = PBXFileReference; lastKnownFileType = sourcecode.swift; path = CustomObservableObject.swift; sourceTree = "<group>"; };
		DACF25812BD7E32900D78225 /* MoviePreview.swift */ = {isa = PBXFileReference; lastKnownFileType = sourcecode.swift; path = MoviePreview.swift; sourceTree = "<group>"; };
		DACF25852BD7E5E600D78225 /* WrapperDTO.swift */ = {isa = PBXFileReference; lastKnownFileType = sourcecode.swift; path = WrapperDTO.swift; sourceTree = "<group>"; };
		DACF25872BD7E61700D78225 /* MoviePreviewDTO.swift */ = {isa = PBXFileReference; lastKnownFileType = sourcecode.swift; path = MoviePreviewDTO.swift; sourceTree = "<group>"; };
		DACF25892BD7E64200D78225 /* PosterDTO.swift */ = {isa = PBXFileReference; lastKnownFileType = sourcecode.swift; path = PosterDTO.swift; sourceTree = "<group>"; };
		DACF258B2BD7E65400D78225 /* RatingDTO.swift */ = {isa = PBXFileReference; lastKnownFileType = sourcecode.swift; path = RatingDTO.swift; sourceTree = "<group>"; };
		DACF258D2BD7E99000D78225 /* MovieDetails.swift */ = {isa = PBXFileReference; lastKnownFileType = sourcecode.swift; path = MovieDetails.swift; sourceTree = "<group>"; };
		DACF258F2BD7EA1B00D78225 /* CountryDTO.swift */ = {isa = PBXFileReference; lastKnownFileType = sourcecode.swift; path = CountryDTO.swift; sourceTree = "<group>"; };
		DACF25912BD7EB3900D78225 /* MovieDetailsDTO.swift */ = {isa = PBXFileReference; lastKnownFileType = sourcecode.swift; path = MovieDetailsDTO.swift; sourceTree = "<group>"; };
		DACF25932BD7EB9A00D78225 /* PersonDTO.swift */ = {isa = PBXFileReference; lastKnownFileType = sourcecode.swift; path = PersonDTO.swift; sourceTree = "<group>"; };
		DACF25952BD7ECB200D78225 /* LanguageDTO.swift */ = {isa = PBXFileReference; lastKnownFileType = sourcecode.swift; path = LanguageDTO.swift; sourceTree = "<group>"; };
		DACF25972BD7F04500D78225 /* Actor.swift */ = {isa = PBXFileReference; lastKnownFileType = sourcecode.swift; path = Actor.swift; sourceTree = "<group>"; };
		DACF259B2BD80A2E00D78225 /* APIResource.swift */ = {isa = PBXFileReference; lastKnownFileType = sourcecode.swift; path = APIResource.swift; sourceTree = "<group>"; };
		DACF259D2BD80CD800D78225 /* MoviesResource.swift */ = {isa = PBXFileReference; lastKnownFileType = sourcecode.swift; path = MoviesResource.swift; sourceTree = "<group>"; };
		DACF259F2BD80E5300D78225 /* MovieDetailsResource.swift */ = {isa = PBXFileReference; lastKnownFileType = sourcecode.swift; path = MovieDetailsResource.swift; sourceTree = "<group>"; };
		DACF25A12BD80EC400D78225 /* NetworkRequest.swift */ = {isa = PBXFileReference; lastKnownFileType = sourcecode.swift; path = NetworkRequest.swift; sourceTree = "<group>"; };
		DACF25A32BD80FA800D78225 /* ImageRequest.swift */ = {isa = PBXFileReference; lastKnownFileType = sourcecode.swift; path = ImageRequest.swift; sourceTree = "<group>"; };
		DACF25A52BD810B000D78225 /* APIRequest.swift */ = {isa = PBXFileReference; lastKnownFileType = sourcecode.swift; path = APIRequest.swift; sourceTree = "<group>"; };
		DACF25A72BD8135900D78225 /* NetworkError.swift */ = {isa = PBXFileReference; lastKnownFileType = sourcecode.swift; path = NetworkError.swift; sourceTree = "<group>"; };
		DACF25B12BD8285A00D78225 /* ViewState.swift */ = {isa = PBXFileReference; lastKnownFileType = sourcecode.swift; path = ViewState.swift; sourceTree = "<group>"; };
		DACF25B42BD82CCB00D78225 /* DetailsViewController.swift */ = {isa = PBXFileReference; lastKnownFileType = sourcecode.swift; path = DetailsViewController.swift; sourceTree = "<group>"; };
		DACF25B62BD82D0900D78225 /* DetailsViewModel.swift */ = {isa = PBXFileReference; lastKnownFileType = sourcecode.swift; path = DetailsViewModel.swift; sourceTree = "<group>"; };
		DACF25B82BD835D400D78225 /* Coordinator.swift */ = {isa = PBXFileReference; lastKnownFileType = sourcecode.swift; path = Coordinator.swift; sourceTree = "<group>"; };
		DACF25BA2BD8362D00D78225 /* AppCoordinator.swift */ = {isa = PBXFileReference; lastKnownFileType = sourcecode.swift; path = AppCoordinator.swift; sourceTree = "<group>"; };
		DACF25BD2BD839BC00D78225 /* CatalogCoordinator.swift */ = {isa = PBXFileReference; lastKnownFileType = sourcecode.swift; path = CatalogCoordinator.swift; sourceTree = "<group>"; };
		DACF25C12BD83FF200D78225 /* TokenStorage.swift */ = {isa = PBXFileReference; lastKnownFileType = sourcecode.swift; path = TokenStorage.swift; sourceTree = "<group>"; };
		DACF25C72BD849E000D78225 /* Storage.swift */ = {isa = PBXFileReference; lastKnownFileType = sourcecode.swift; path = Storage.swift; sourceTree = "<group>"; };
		DACF25C92BD84B4100D78225 /* UserDefaultsStorage.swift */ = {isa = PBXFileReference; lastKnownFileType = sourcecode.swift; path = UserDefaultsStorage.swift; sourceTree = "<group>"; };
		DACF25CC2BD99AA700D78225 /* DetailsTableView.swift */ = {isa = PBXFileReference; lastKnownFileType = sourcecode.swift; path = DetailsTableView.swift; sourceTree = "<group>"; };
		DACF25D22BD99DAA00D78225 /* AppBackgroundGradientLayer.swift */ = {isa = PBXFileReference; lastKnownFileType = sourcecode.swift; path = AppBackgroundGradientLayer.swift; sourceTree = "<group>"; };
		DACF25D42BDAD5E000D78225 /* DetailsHeaderTableViewCell.swift */ = {isa = PBXFileReference; lastKnownFileType = sourcecode.swift; path = DetailsHeaderTableViewCell.swift; sourceTree = "<group>"; };
		DACF25D72BDAD8FF00D78225 /* UIFont+Extension.swift */ = {isa = PBXFileReference; lastKnownFileType = sourcecode.swift; path = "UIFont+Extension.swift"; sourceTree = "<group>"; };
		DACF25D92BDAE0EE00D78225 /* DetailsWatchTableViewCell.swift */ = {isa = PBXFileReference; lastKnownFileType = sourcecode.swift; path = DetailsWatchTableViewCell.swift; sourceTree = "<group>"; };
		DACF25DB2BDAE6F600D78225 /* DetailsDescriptionTableViewCell.swift */ = {isa = PBXFileReference; lastKnownFileType = sourcecode.swift; path = DetailsDescriptionTableViewCell.swift; sourceTree = "<group>"; };
		DACF25DD2BDAEA2400D78225 /* DetailsReleaseInfoTableViewCell.swift */ = {isa = PBXFileReference; lastKnownFileType = sourcecode.swift; path = DetailsReleaseInfoTableViewCell.swift; sourceTree = "<group>"; };
		DACF25DF2BDAEBAC00D78225 /* DetailsLanguageTableViewCell.swift */ = {isa = PBXFileReference; lastKnownFileType = sourcecode.swift; path = DetailsLanguageTableViewCell.swift; sourceTree = "<group>"; };
		DACF25E12BDAF84400D78225 /* LoadImageService.swift */ = {isa = PBXFileReference; lastKnownFileType = sourcecode.swift; path = LoadImageService.swift; sourceTree = "<group>"; };
		DACF25E32BDB0CD900D78225 /* DetailsShimmerTableViewCell.swift */ = {isa = PBXFileReference; lastKnownFileType = sourcecode.swift; path = DetailsShimmerTableViewCell.swift; sourceTree = "<group>"; };
		DACF25E52BDB0F7000D78225 /* ShimmerLayer.swift */ = {isa = PBXFileReference; lastKnownFileType = sourcecode.swift; path = ShimmerLayer.swift; sourceTree = "<group>"; };
		DAD365CA2BDBD45E009A223D /* DetailsActorsTableViewCell.swift */ = {isa = PBXFileReference; lastKnownFileType = sourcecode.swift; path = DetailsActorsTableViewCell.swift; sourceTree = "<group>"; };
		DAD365CC2BDBDB46009A223D /* ActorCollectionViewCell.swift */ = {isa = PBXFileReference; lastKnownFileType = sourcecode.swift; path = ActorCollectionViewCell.swift; sourceTree = "<group>"; };
		DAD365CE2BDBE723009A223D /* DetailsRecommendationsTableViewCell.swift */ = {isa = PBXFileReference; lastKnownFileType = sourcecode.swift; path = DetailsRecommendationsTableViewCell.swift; sourceTree = "<group>"; };
		DAD365D02BDBE75C009A223D /* PreviewCollectionViewCell.swift */ = {isa = PBXFileReference; lastKnownFileType = sourcecode.swift; path = PreviewCollectionViewCell.swift; sourceTree = "<group>"; };
		DAD365D52BDC1746009A223D /* AlertMessage.swift */ = {isa = PBXFileReference; lastKnownFileType = sourcecode.swift; path = AlertMessage.swift; sourceTree = "<group>"; };
		DAD365D92BDC340D009A223D /* NetworkService.swift */ = {isa = PBXFileReference; lastKnownFileType = sourcecode.swift; path = NetworkService.swift; sourceTree = "<group>"; };
		DAD365DC2BDD3D0D009A223D /* MockObjects.swift */ = {isa = PBXFileReference; lastKnownFileType = sourcecode.swift; path = MockObjects.swift; sourceTree = "<group>"; };
		DAD365DE2BDD3F25009A223D /* MockNetworkService.swift */ = {isa = PBXFileReference; lastKnownFileType = sourcecode.swift; path = MockNetworkService.swift; sourceTree = "<group>"; };
		DAD365E02BDD3F4B009A223D /* MockCatalogCoordinator.swift */ = {isa = PBXFileReference; lastKnownFileType = sourcecode.swift; path = MockCatalogCoordinator.swift; sourceTree = "<group>"; };
		DAD365E22BDD3F5B009A223D /* MockLoadImageService.swift */ = {isa = PBXFileReference; lastKnownFileType = sourcecode.swift; path = MockLoadImageService.swift; sourceTree = "<group>"; };
		DAD365E42BDD4586009A223D /* DetailsViewModelTests.swift */ = {isa = PBXFileReference; lastKnownFileType = sourcecode.swift; path = DetailsViewModelTests.swift; sourceTree = "<group>"; };
		DAD365E62BDD47A1009A223D /* MockStorageService.swift */ = {isa = PBXFileReference; lastKnownFileType = sourcecode.swift; path = MockStorageService.swift; sourceTree = "<group>"; };
/* End PBXFileReference section */

/* Begin PBXFrameworksBuildPhase section */
		DAAAA9AA2BD6E01A0009D60C /* Frameworks */ = {
			isa = PBXFrameworksBuildPhase;
			buildActionMask = 2147483647;
			files = (
				DACF25C52BD840E200D78225 /* Keychain in Frameworks */,
				DACF25D02BD99B1300D78225 /* SnapKit in Frameworks */,
			);
			runOnlyForDeploymentPostprocessing = 0;
		};
		DAAAA9C02BD6E01F0009D60C /* Frameworks */ = {
			isa = PBXFrameworksBuildPhase;
			buildActionMask = 2147483647;
			files = (
			);
			runOnlyForDeploymentPostprocessing = 0;
		};
		DAAAA9CA2BD6E0200009D60C /* Frameworks */ = {
			isa = PBXFrameworksBuildPhase;
			buildActionMask = 2147483647;
			files = (
			);
			runOnlyForDeploymentPostprocessing = 0;
		};
/* End PBXFrameworksBuildPhase section */

/* Begin PBXGroup section */
		DA16FBDC2C04FB1D003171C8 /* v2 */ = {
			isa = PBXGroup;
			children = (
				DA16FBDD2C04FB3A003171C8 /* View */,
				DA16FBE52C05234B003171C8 /* Interactor */,
				DA16FBE62C052373003171C8 /* Presenter */,
				DA16FBE82C052387003171C8 /* Entity */,
				DA16FBE72C05237F003171C8 /* Router */,
				DA16FBF12C062E1B003171C8 /* AppScreenBuilder.swift */,
				DA16FBF52C063404003171C8 /* NavigationService.swift */,
				DA16FBFB2C07827A003171C8 /* Typealias.swift */,
			);
			path = v2;
			sourceTree = "<group>";
		};
		DA16FBDD2C04FB3A003171C8 /* View */ = {
			isa = PBXGroup;
			children = (
				DA16FBE02C04FBBD003171C8 /* Shared */,
				DA16FBDE2C04FB91003171C8 /* CatalogScreenView.swift */,
				DA16FBF32C063372003171C8 /* RootView.swift */,
				DA16FBFD2C079149003171C8 /* DetailsScreenView.swift */,
			);
			path = View;
			sourceTree = "<group>";
		};
		DA16FBE02C04FBBD003171C8 /* Shared */ = {
			isa = PBXGroup;
			children = (
				DA16FBE12C04FBCE003171C8 /* BackgroundView.swift */,
				DA16FBE32C051025003171C8 /* MovieCardView.swift */,
				DA16FC012C089E80003171C8 /* RatingView.swift */,
			);
			path = Shared;
			sourceTree = "<group>";
		};
		DA16FBE52C05234B003171C8 /* Interactor */ = {
			isa = PBXGroup;
			children = (
				DA16FBE92C0523C7003171C8 /* CatalogInteractor.swift */,
			);
			path = Interactor;
			sourceTree = "<group>";
		};
		DA16FBE62C052373003171C8 /* Presenter */ = {
			isa = PBXGroup;
			children = (
				DA16FBEB2C052403003171C8 /* CatalogPresenter.swift */,
				DA16FBFF2C079330003171C8 /* DetailsPresenter.swift */,
			);
			path = Presenter;
			sourceTree = "<group>";
		};
		DA16FBE72C05237F003171C8 /* Router */ = {
			isa = PBXGroup;
			children = (
				DA16FBF72C063655003171C8 /* CatalogRouter.swift */,
			);
			path = Router;
			sourceTree = "<group>";
		};
		DA16FBE82C052387003171C8 /* Entity */ = {
			isa = PBXGroup;
			children = (
				DA16FBF92C075CA1003171C8 /* MovieCard.swift */,
			);
			path = Entity;
			sourceTree = "<group>";
		};
		DAAAA9A42BD6E01A0009D60C = {
			isa = PBXGroup;
			children = (
				DAAAA9AF2BD6E01A0009D60C /* CinemaStar */,
				DAAAA9C62BD6E01F0009D60C /* CinemaStarTests */,
				DAAAA9D02BD6E0200009D60C /* CinemaStarUITests */,
				DAAAA9AE2BD6E01A0009D60C /* Products */,
				DACF25C32BD840E200D78225 /* Frameworks */,
			);
			sourceTree = "<group>";
		};
		DAAAA9AE2BD6E01A0009D60C /* Products */ = {
			isa = PBXGroup;
			children = (
				DAAAA9AD2BD6E01A0009D60C /* CinemaStar.app */,
				DAAAA9C32BD6E01F0009D60C /* CinemaStarTests.xctest */,
				DAAAA9CD2BD6E0200009D60C /* CinemaStarUITests.xctest */,
			);
			name = Products;
			sourceTree = "<group>";
		};
		DAAAA9AF2BD6E01A0009D60C /* CinemaStar */ = {
			isa = PBXGroup;
			children = (
				DA16FBDC2C04FB1D003171C8 /* v2 */,
				DACF25AB2BD8170300D78225 /* App */,
				DACF25992BD807FA00D78225 /* Services */,
				DACF25832BD7E3D500D78225 /* Models */,
				DAAAA9E02BD6E2C50009D60C /* Resources */,
				DACF25D62BDAD8E600D78225 /* Extensions */,
				DACF257E2BD7D4EF00D78225 /* Utils */,
				DAAAA9B02BD6E01A0009D60C /* AppDelegate.swift */,
				DAAAA9B22BD6E01A0009D60C /* SceneDelegate.swift */,
				DAAAA9BB2BD6E01E0009D60C /* LaunchScreen.storyboard */,
				DAAAA9BE2BD6E01E0009D60C /* Info.plist */,
			);
			path = CinemaStar;
			sourceTree = "<group>";
		};
		DAAAA9C62BD6E01F0009D60C /* CinemaStarTests */ = {
			isa = PBXGroup;
			children = (
				DAD365DB2BDD3CFB009A223D /* Mocks */,
				DAAAA9C72BD6E01F0009D60C /* CatalogViewModelTests.swift */,
				DAD365E42BDD4586009A223D /* DetailsViewModelTests.swift */,
			);
			path = CinemaStarTests;
			sourceTree = "<group>";
		};
		DAAAA9D02BD6E0200009D60C /* CinemaStarUITests */ = {
			isa = PBXGroup;
			children = (
				DAAAA9D12BD6E0200009D60C /* CinemaStarUITests.swift */,
				DAAAA9D32BD6E0200009D60C /* CinemaStarUITestsLaunchTests.swift */,
			);
			path = CinemaStarUITests;
			sourceTree = "<group>";
		};
		DAAAA9E02BD6E2C50009D60C /* Resources */ = {
			isa = PBXGroup;
			children = (
				DAAAA9E72BD6E8FA0009D60C /* fonts */,
				DAAAA9B92BD6E01E0009D60C /* Images.xcassets */,
				DAAAA9E12BD6E30E0009D60C /* Colors.xcassets */,
			);
			path = Resources;
			sourceTree = "<group>";
		};
		DAAAA9E72BD6E8FA0009D60C /* fonts */ = {
			isa = PBXGroup;
			children = (
				DAAAA9E82BD6E9B50009D60C /* Inter-Black.ttf */,
				DAAAA9E92BD6E9B50009D60C /* Inter-Regular.ttf */,
				DAAAA9EA2BD6E9B50009D60C /* Inter-SemiBold.ttf */,
			);
			path = fonts;
			sourceTree = "<group>";
		};
		DACF257E2BD7D4EF00D78225 /* Utils */ = {
			isa = PBXGroup;
			children = (
				DACF257F2BD7D50E00D78225 /* CustomObservableObject.swift */,
				DACF25B12BD8285A00D78225 /* ViewState.swift */,
				DAD365D52BDC1746009A223D /* AlertMessage.swift */,
			);
			path = Utils;
			sourceTree = "<group>";
		};
		DACF25832BD7E3D500D78225 /* Models */ = {
			isa = PBXGroup;
			children = (
				DACF25842BD7E57800D78225 /* DTO */,
				DACF25812BD7E32900D78225 /* MoviePreview.swift */,
				DACF258D2BD7E99000D78225 /* MovieDetails.swift */,
				DACF25972BD7F04500D78225 /* Actor.swift */,
			);
			path = Models;
			sourceTree = "<group>";
		};
		DACF25842BD7E57800D78225 /* DTO */ = {
			isa = PBXGroup;
			children = (
				DACF25852BD7E5E600D78225 /* WrapperDTO.swift */,
				DACF25872BD7E61700D78225 /* MoviePreviewDTO.swift */,
				DACF25892BD7E64200D78225 /* PosterDTO.swift */,
				DACF258B2BD7E65400D78225 /* RatingDTO.swift */,
				DACF258F2BD7EA1B00D78225 /* CountryDTO.swift */,
				DACF25912BD7EB3900D78225 /* MovieDetailsDTO.swift */,
				DACF25932BD7EB9A00D78225 /* PersonDTO.swift */,
				DACF25952BD7ECB200D78225 /* LanguageDTO.swift */,
			);
			path = DTO;
			sourceTree = "<group>";
		};
		DACF25992BD807FA00D78225 /* Services */ = {
			isa = PBXGroup;
			children = (
				DACF25C62BD849D100D78225 /* Storage */,
				DACF25C02BD83FE200D78225 /* TokenStorage */,
				DACF25BC2BD8363500D78225 /* Navigation */,
				DACF259A2BD8090D00D78225 /* Network */,
			);
			path = Services;
			sourceTree = "<group>";
		};
		DACF259A2BD8090D00D78225 /* Network */ = {
			isa = PBXGroup;
			children = (
				DACF25AA2BD815BE00D78225 /* Requests */,
				DACF25A92BD815AF00D78225 /* Resources */,
				DACF259B2BD80A2E00D78225 /* APIResource.swift */,
				DACF25A12BD80EC400D78225 /* NetworkRequest.swift */,
				DACF25A72BD8135900D78225 /* NetworkError.swift */,
				DACF25E12BDAF84400D78225 /* LoadImageService.swift */,
				DAD365D92BDC340D009A223D /* NetworkService.swift */,
			);
			path = Network;
			sourceTree = "<group>";
		};
		DACF25A92BD815AF00D78225 /* Resources */ = {
			isa = PBXGroup;
			children = (
				DACF259D2BD80CD800D78225 /* MoviesResource.swift */,
				DACF259F2BD80E5300D78225 /* MovieDetailsResource.swift */,
			);
			path = Resources;
			sourceTree = "<group>";
		};
		DACF25AA2BD815BE00D78225 /* Requests */ = {
			isa = PBXGroup;
			children = (
				DACF25A32BD80FA800D78225 /* ImageRequest.swift */,
				DACF25A52BD810B000D78225 /* APIRequest.swift */,
			);
			path = Requests;
			sourceTree = "<group>";
		};
		DACF25AB2BD8170300D78225 /* App */ = {
			isa = PBXGroup;
			children = (
				DACF25B32BD82CB700D78225 /* Details */,
				DACF25D12BD99D8F00D78225 /* Shared */,
			);
			path = App;
			sourceTree = "<group>";
		};
		DACF25B32BD82CB700D78225 /* Details */ = {
			isa = PBXGroup;
			children = (
				DACF25B62BD82D0900D78225 /* DetailsViewModel.swift */,
				DACF25CB2BD99A7F00D78225 /* View */,
			);
			path = Details;
			sourceTree = "<group>";
		};
		DACF25BC2BD8363500D78225 /* Navigation */ = {
			isa = PBXGroup;
			children = (
				DACF25BA2BD8362D00D78225 /* AppCoordinator.swift */,
				DACF25BD2BD839BC00D78225 /* CatalogCoordinator.swift */,
				DACF25B82BD835D400D78225 /* Coordinator.swift */,
			);
			path = Navigation;
			sourceTree = "<group>";
		};
		DACF25C02BD83FE200D78225 /* TokenStorage */ = {
			isa = PBXGroup;
			children = (
				DACF25C12BD83FF200D78225 /* TokenStorage.swift */,
			);
			path = TokenStorage;
			sourceTree = "<group>";
		};
		DACF25C32BD840E200D78225 /* Frameworks */ = {
			isa = PBXGroup;
			children = (
			);
			name = Frameworks;
			sourceTree = "<group>";
		};
		DACF25C62BD849D100D78225 /* Storage */ = {
			isa = PBXGroup;
			children = (
				DACF25C72BD849E000D78225 /* Storage.swift */,
				DACF25C92BD84B4100D78225 /* UserDefaultsStorage.swift */,
			);
			path = Storage;
			sourceTree = "<group>";
		};
		DACF25CB2BD99A7F00D78225 /* View */ = {
			isa = PBXGroup;
			children = (
				DACF25B42BD82CCB00D78225 /* DetailsViewController.swift */,
				DACF25CC2BD99AA700D78225 /* DetailsTableView.swift */,
				DACF25D42BDAD5E000D78225 /* DetailsHeaderTableViewCell.swift */,
				DACF25D92BDAE0EE00D78225 /* DetailsWatchTableViewCell.swift */,
				DACF25DB2BDAE6F600D78225 /* DetailsDescriptionTableViewCell.swift */,
				DACF25DD2BDAEA2400D78225 /* DetailsReleaseInfoTableViewCell.swift */,
				DACF25DF2BDAEBAC00D78225 /* DetailsLanguageTableViewCell.swift */,
				DAD365CA2BDBD45E009A223D /* DetailsActorsTableViewCell.swift */,
				DAD365CC2BDBDB46009A223D /* ActorCollectionViewCell.swift */,
				DAD365CE2BDBE723009A223D /* DetailsRecommendationsTableViewCell.swift */,
				DACF25E32BDB0CD900D78225 /* DetailsShimmerTableViewCell.swift */,
			);
			path = View;
			sourceTree = "<group>";
		};
		DACF25D12BD99D8F00D78225 /* Shared */ = {
			isa = PBXGroup;
			children = (
				DAD365D02BDBE75C009A223D /* PreviewCollectionViewCell.swift */,
				DACF25D22BD99DAA00D78225 /* AppBackgroundGradientLayer.swift */,
				DACF25E52BDB0F7000D78225 /* ShimmerLayer.swift */,
			);
			path = Shared;
			sourceTree = "<group>";
		};
		DACF25D62BDAD8E600D78225 /* Extensions */ = {
			isa = PBXGroup;
			children = (
				DACF25D72BDAD8FF00D78225 /* UIFont+Extension.swift */,
			);
			path = Extensions;
			sourceTree = "<group>";
		};
		DAD365DB2BDD3CFB009A223D /* Mocks */ = {
			isa = PBXGroup;
			children = (
				DAD365DC2BDD3D0D009A223D /* MockObjects.swift */,
				DAD365DE2BDD3F25009A223D /* MockNetworkService.swift */,
				DAD365E02BDD3F4B009A223D /* MockCatalogCoordinator.swift */,
				DAD365E22BDD3F5B009A223D /* MockLoadImageService.swift */,
				DAD365E62BDD47A1009A223D /* MockStorageService.swift */,
			);
			path = Mocks;
			sourceTree = "<group>";
		};
/* End PBXGroup section */

/* Begin PBXNativeTarget section */
		DAAAA9AC2BD6E01A0009D60C /* CinemaStar */ = {
			isa = PBXNativeTarget;
			buildConfigurationList = DAAAA9D72BD6E0200009D60C /* Build configuration list for PBXNativeTarget "CinemaStar" */;
			buildPhases = (
				DAAAA9E62BD6E6DF0009D60C /* SwiftFormatter */,
				DAAAA9E42BD6E4ED0009D60C /* SwiftLint */,
				DAAAA9A92BD6E01A0009D60C /* Sources */,
				DAAAA9AA2BD6E01A0009D60C /* Frameworks */,
				DAAAA9AB2BD6E01A0009D60C /* Resources */,
			);
			buildRules = (
			);
			dependencies = (
			);
			name = CinemaStar;
			packageProductDependencies = (
				DACF25C42BD840E200D78225 /* Keychain */,
				DACF25CF2BD99B1300D78225 /* SnapKit */,
			);
			productName = CinemaStar;
			productReference = DAAAA9AD2BD6E01A0009D60C /* CinemaStar.app */;
			productType = "com.apple.product-type.application";
		};
		DAAAA9C22BD6E01F0009D60C /* CinemaStarTests */ = {
			isa = PBXNativeTarget;
			buildConfigurationList = DAAAA9DA2BD6E0200009D60C /* Build configuration list for PBXNativeTarget "CinemaStarTests" */;
			buildPhases = (
				DAAAA9BF2BD6E01F0009D60C /* Sources */,
				DAAAA9C02BD6E01F0009D60C /* Frameworks */,
				DAAAA9C12BD6E01F0009D60C /* Resources */,
			);
			buildRules = (
			);
			dependencies = (
				DAAAA9C52BD6E01F0009D60C /* PBXTargetDependency */,
			);
			name = CinemaStarTests;
			productName = CinemaStarTests;
			productReference = DAAAA9C32BD6E01F0009D60C /* CinemaStarTests.xctest */;
			productType = "com.apple.product-type.bundle.unit-test";
		};
		DAAAA9CC2BD6E0200009D60C /* CinemaStarUITests */ = {
			isa = PBXNativeTarget;
			buildConfigurationList = DAAAA9DD2BD6E0200009D60C /* Build configuration list for PBXNativeTarget "CinemaStarUITests" */;
			buildPhases = (
				DAAAA9C92BD6E0200009D60C /* Sources */,
				DAAAA9CA2BD6E0200009D60C /* Frameworks */,
				DAAAA9CB2BD6E0200009D60C /* Resources */,
			);
			buildRules = (
			);
			dependencies = (
				DAAAA9CF2BD6E0200009D60C /* PBXTargetDependency */,
			);
			name = CinemaStarUITests;
			productName = CinemaStarUITests;
			productReference = DAAAA9CD2BD6E0200009D60C /* CinemaStarUITests.xctest */;
			productType = "com.apple.product-type.bundle.ui-testing";
		};
/* End PBXNativeTarget section */

/* Begin PBXProject section */
		DAAAA9A52BD6E01A0009D60C /* Project object */ = {
			isa = PBXProject;
			attributes = {
				BuildIndependentTargetsInParallel = 1;
				LastSwiftUpdateCheck = 1530;
				LastUpgradeCheck = 1530;
				TargetAttributes = {
					DAAAA9AC2BD6E01A0009D60C = {
						CreatedOnToolsVersion = 15.3;
					};
					DAAAA9C22BD6E01F0009D60C = {
						CreatedOnToolsVersion = 15.3;
						TestTargetID = DAAAA9AC2BD6E01A0009D60C;
					};
					DAAAA9CC2BD6E0200009D60C = {
						CreatedOnToolsVersion = 15.3;
						TestTargetID = DAAAA9AC2BD6E01A0009D60C;
					};
				};
			};
			buildConfigurationList = DAAAA9A82BD6E01A0009D60C /* Build configuration list for PBXProject "CinemaStar" */;
			compatibilityVersion = "Xcode 14.0";
			developmentRegion = en;
			hasScannedForEncodings = 0;
			knownRegions = (
				en,
				Base,
			);
			mainGroup = DAAAA9A42BD6E01A0009D60C;
			packageReferences = (
				DACF25BF2BD83FC000D78225 /* XCRemoteSwiftPackageReference "Keychain.swift" */,
				DACF25CE2BD99B0500D78225 /* XCRemoteSwiftPackageReference "SnapKit" */,
			);
			productRefGroup = DAAAA9AE2BD6E01A0009D60C /* Products */;
			projectDirPath = "";
			projectRoot = "";
			targets = (
				DAAAA9AC2BD6E01A0009D60C /* CinemaStar */,
				DAAAA9C22BD6E01F0009D60C /* CinemaStarTests */,
				DAAAA9CC2BD6E0200009D60C /* CinemaStarUITests */,
			);
		};
/* End PBXProject section */

/* Begin PBXResourcesBuildPhase section */
		DAAAA9AB2BD6E01A0009D60C /* Resources */ = {
			isa = PBXResourcesBuildPhase;
			buildActionMask = 2147483647;
			files = (
				DAAAA9ED2BD6E9B50009D60C /* Inter-SemiBold.ttf in Resources */,
				DAAAA9E22BD6E30E0009D60C /* Colors.xcassets in Resources */,
				DAAAA9EC2BD6E9B50009D60C /* Inter-Regular.ttf in Resources */,
				DAAAA9BA2BD6E01E0009D60C /* Images.xcassets in Resources */,
				DAAAA9BD2BD6E01E0009D60C /* Base in Resources */,
				DAAAA9EB2BD6E9B50009D60C /* Inter-Black.ttf in Resources */,
			);
			runOnlyForDeploymentPostprocessing = 0;
		};
		DAAAA9C12BD6E01F0009D60C /* Resources */ = {
			isa = PBXResourcesBuildPhase;
			buildActionMask = 2147483647;
			files = (
			);
			runOnlyForDeploymentPostprocessing = 0;
		};
		DAAAA9CB2BD6E0200009D60C /* Resources */ = {
			isa = PBXResourcesBuildPhase;
			buildActionMask = 2147483647;
			files = (
			);
			runOnlyForDeploymentPostprocessing = 0;
		};
/* End PBXResourcesBuildPhase section */

/* Begin PBXShellScriptBuildPhase section */
		DAAAA9E42BD6E4ED0009D60C /* SwiftLint */ = {
			isa = PBXShellScriptBuildPhase;
			alwaysOutOfDate = 1;
			buildActionMask = 2147483647;
			files = (
			);
			inputFileListPaths = (
			);
			inputPaths = (
			);
			name = SwiftLint;
			outputFileListPaths = (
			);
			outputPaths = (
			);
			runOnlyForDeploymentPostprocessing = 0;
			shellPath = /bin/sh;
			shellScript = "if which swiftlint > /dev/null; then\n  swiftlint\nelse\n  echo \"warning: SwiftLint not installed, download from https://github.com/realm/SwiftLint\"\nfi\n";
		};
		DAAAA9E62BD6E6DF0009D60C /* SwiftFormatter */ = {
			isa = PBXShellScriptBuildPhase;
			alwaysOutOfDate = 1;
			buildActionMask = 2147483647;
			files = (
			);
			inputFileListPaths = (
			);
			inputPaths = (
			);
			name = SwiftFormatter;
			outputFileListPaths = (
			);
			outputPaths = (
			);
			runOnlyForDeploymentPostprocessing = 0;
			shellPath = /bin/sh;
			shellScript = "#if which swiftformat >/dev/null; then\n#  swiftformat .\n#else\n#  echo \"warning: SwiftFormat not installed, download from https://github.com/nicklockwood/SwiftFormat\"\n#fi\n";
		};
/* End PBXShellScriptBuildPhase section */

/* Begin PBXSourcesBuildPhase section */
		DAAAA9A92BD6E01A0009D60C /* Sources */ = {
			isa = PBXSourcesBuildPhase;
			buildActionMask = 2147483647;
			files = (
				DACF25CA2BD84B4100D78225 /* UserDefaultsStorage.swift in Sources */,
				DA16FBE22C04FBCE003171C8 /* BackgroundView.swift in Sources */,
				DAD365CD2BDBDB46009A223D /* ActorCollectionViewCell.swift in Sources */,
				DACF25BE2BD839BC00D78225 /* CatalogCoordinator.swift in Sources */,
				DACF25942BD7EB9A00D78225 /* PersonDTO.swift in Sources */,
				DACF25A62BD810B000D78225 /* APIRequest.swift in Sources */,
				DA16FBF62C063404003171C8 /* NavigationService.swift in Sources */,
				DA16FBDF2C04FB91003171C8 /* CatalogScreenView.swift in Sources */,
				DA16FBFC2C07827A003171C8 /* Typealias.swift in Sources */,
				DACF258C2BD7E65400D78225 /* RatingDTO.swift in Sources */,
				DACF259E2BD80CD800D78225 /* MoviesResource.swift in Sources */,
				DA16FBF22C062E1B003171C8 /* AppScreenBuilder.swift in Sources */,
				DACF25D82BDAD8FF00D78225 /* UIFont+Extension.swift in Sources */,
				DACF25E22BDAF84400D78225 /* LoadImageService.swift in Sources */,
				DACF25802BD7D50E00D78225 /* CustomObservableObject.swift in Sources */,
				DAD365D62BDC1746009A223D /* AlertMessage.swift in Sources */,
				DA16FC002C079330003171C8 /* DetailsPresenter.swift in Sources */,
				DACF25E62BDB0F7000D78225 /* ShimmerLayer.swift in Sources */,
				DA16FBEA2C0523C7003171C8 /* CatalogInteractor.swift in Sources */,
				DAAAA9B12BD6E01A0009D60C /* AppDelegate.swift in Sources */,
				DA16FBF82C063655003171C8 /* CatalogRouter.swift in Sources */,
				DA16FBFA2C075CA1003171C8 /* MovieCard.swift in Sources */,
				DACF25C22BD83FF200D78225 /* TokenStorage.swift in Sources */,
				DACF25E02BDAEBAC00D78225 /* DetailsLanguageTableViewCell.swift in Sources */,
				DACF258E2BD7E99000D78225 /* MovieDetails.swift in Sources */,
				DACF25D32BD99DAA00D78225 /* AppBackgroundGradientLayer.swift in Sources */,
				DACF25902BD7EA1B00D78225 /* CountryDTO.swift in Sources */,
				DACF25B92BD835D400D78225 /* Coordinator.swift in Sources */,
				DACF25A82BD8135900D78225 /* NetworkError.swift in Sources */,
				DACF25962BD7ECB200D78225 /* LanguageDTO.swift in Sources */,
				DACF25E42BDB0CD900D78225 /* DetailsShimmerTableViewCell.swift in Sources */,
				DACF25A42BD80FA800D78225 /* ImageRequest.swift in Sources */,
				DACF25DC2BDAE6F600D78225 /* DetailsDescriptionTableViewCell.swift in Sources */,
				DAAAA9B32BD6E01A0009D60C /* SceneDelegate.swift in Sources */,
				DACF25A22BD80EC400D78225 /* NetworkRequest.swift in Sources */,
				DAD365CB2BDBD45E009A223D /* DetailsActorsTableViewCell.swift in Sources */,
				DACF25982BD7F04500D78225 /* Actor.swift in Sources */,
				DACF25DA2BDAE0EE00D78225 /* DetailsWatchTableViewCell.swift in Sources */,
				DAD365DA2BDC340D009A223D /* NetworkService.swift in Sources */,
				DACF25B22BD8285A00D78225 /* ViewState.swift in Sources */,
				DACF25822BD7E32900D78225 /* MoviePreview.swift in Sources */,
				DACF25C82BD849E000D78225 /* Storage.swift in Sources */,
				DACF25862BD7E5E600D78225 /* WrapperDTO.swift in Sources */,
				DA16FC022C089E80003171C8 /* RatingView.swift in Sources */,
				DACF25B72BD82D0900D78225 /* DetailsViewModel.swift in Sources */,
				DACF25DE2BDAEA2400D78225 /* DetailsReleaseInfoTableViewCell.swift in Sources */,
				DAD365CF2BDBE723009A223D /* DetailsRecommendationsTableViewCell.swift in Sources */,
				DACF25BB2BD8362D00D78225 /* AppCoordinator.swift in Sources */,
				DA16FBF42C063372003171C8 /* RootView.swift in Sources */,
				DACF25A02BD80E5300D78225 /* MovieDetailsResource.swift in Sources */,
				DACF25B52BD82CCB00D78225 /* DetailsViewController.swift in Sources */,
				DACF25922BD7EB3900D78225 /* MovieDetailsDTO.swift in Sources */,
				DACF25D52BDAD5E000D78225 /* DetailsHeaderTableViewCell.swift in Sources */,
				DA16FBE42C051025003171C8 /* MovieCardView.swift in Sources */,
				DACF258A2BD7E64200D78225 /* PosterDTO.swift in Sources */,
				DACF259C2BD80A2E00D78225 /* APIResource.swift in Sources */,
				DACF25CD2BD99AA700D78225 /* DetailsTableView.swift in Sources */,
				DAD365D12BDBE75C009A223D /* PreviewCollectionViewCell.swift in Sources */,
				DA16FBFE2C079149003171C8 /* DetailsScreenView.swift in Sources */,
				DA16FBEC2C052403003171C8 /* CatalogPresenter.swift in Sources */,
				DACF25882BD7E61700D78225 /* MoviePreviewDTO.swift in Sources */,
			);
			runOnlyForDeploymentPostprocessing = 0;
		};
		DAAAA9BF2BD6E01F0009D60C /* Sources */ = {
			isa = PBXSourcesBuildPhase;
			buildActionMask = 2147483647;
			files = (
				DAD365E12BDD3F4B009A223D /* MockCatalogCoordinator.swift in Sources */,
				DAD365DF2BDD3F25009A223D /* MockNetworkService.swift in Sources */,
				DAD365E32BDD3F5B009A223D /* MockLoadImageService.swift in Sources */,
				DAD365E72BDD47A1009A223D /* MockStorageService.swift in Sources */,
				DAAAA9C82BD6E01F0009D60C /* CatalogViewModelTests.swift in Sources */,
				DAD365DD2BDD3D0D009A223D /* MockObjects.swift in Sources */,
				DAD365E52BDD4586009A223D /* DetailsViewModelTests.swift in Sources */,
			);
			runOnlyForDeploymentPostprocessing = 0;
		};
		DAAAA9C92BD6E0200009D60C /* Sources */ = {
			isa = PBXSourcesBuildPhase;
			buildActionMask = 2147483647;
			files = (
				DAAAA9D22BD6E0200009D60C /* CinemaStarUITests.swift in Sources */,
				DAAAA9D42BD6E0200009D60C /* CinemaStarUITestsLaunchTests.swift in Sources */,
			);
			runOnlyForDeploymentPostprocessing = 0;
		};
/* End PBXSourcesBuildPhase section */

/* Begin PBXTargetDependency section */
		DAAAA9C52BD6E01F0009D60C /* PBXTargetDependency */ = {
			isa = PBXTargetDependency;
			target = DAAAA9AC2BD6E01A0009D60C /* CinemaStar */;
			targetProxy = DAAAA9C42BD6E01F0009D60C /* PBXContainerItemProxy */;
		};
		DAAAA9CF2BD6E0200009D60C /* PBXTargetDependency */ = {
			isa = PBXTargetDependency;
			target = DAAAA9AC2BD6E01A0009D60C /* CinemaStar */;
			targetProxy = DAAAA9CE2BD6E0200009D60C /* PBXContainerItemProxy */;
		};
/* End PBXTargetDependency section */

/* Begin PBXVariantGroup section */
		DAAAA9BB2BD6E01E0009D60C /* LaunchScreen.storyboard */ = {
			isa = PBXVariantGroup;
			children = (
				DAAAA9BC2BD6E01E0009D60C /* Base */,
			);
			name = LaunchScreen.storyboard;
			sourceTree = "<group>";
		};
/* End PBXVariantGroup section */

/* Begin XCBuildConfiguration section */
		DAAAA9D52BD6E0200009D60C /* Debug */ = {
			isa = XCBuildConfiguration;
			buildSettings = {
				ALWAYS_SEARCH_USER_PATHS = NO;
				ASSETCATALOG_COMPILER_GENERATE_SWIFT_ASSET_SYMBOL_EXTENSIONS = YES;
				CLANG_ANALYZER_NONNULL = YES;
				CLANG_ANALYZER_NUMBER_OBJECT_CONVERSION = YES_AGGRESSIVE;
				CLANG_CXX_LANGUAGE_STANDARD = "gnu++20";
				CLANG_ENABLE_MODULES = YES;
				CLANG_ENABLE_OBJC_ARC = YES;
				CLANG_ENABLE_OBJC_WEAK = YES;
				CLANG_WARN_BLOCK_CAPTURE_AUTORELEASING = YES;
				CLANG_WARN_BOOL_CONVERSION = YES;
				CLANG_WARN_COMMA = YES;
				CLANG_WARN_CONSTANT_CONVERSION = YES;
				CLANG_WARN_DEPRECATED_OBJC_IMPLEMENTATIONS = YES;
				CLANG_WARN_DIRECT_OBJC_ISA_USAGE = YES_ERROR;
				CLANG_WARN_DOCUMENTATION_COMMENTS = YES;
				CLANG_WARN_EMPTY_BODY = YES;
				CLANG_WARN_ENUM_CONVERSION = YES;
				CLANG_WARN_INFINITE_RECURSION = YES;
				CLANG_WARN_INT_CONVERSION = YES;
				CLANG_WARN_NON_LITERAL_NULL_CONVERSION = YES;
				CLANG_WARN_OBJC_IMPLICIT_RETAIN_SELF = YES;
				CLANG_WARN_OBJC_LITERAL_CONVERSION = YES;
				CLANG_WARN_OBJC_ROOT_CLASS = YES_ERROR;
				CLANG_WARN_QUOTED_INCLUDE_IN_FRAMEWORK_HEADER = YES;
				CLANG_WARN_RANGE_LOOP_ANALYSIS = YES;
				CLANG_WARN_STRICT_PROTOTYPES = YES;
				CLANG_WARN_SUSPICIOUS_MOVE = YES;
				CLANG_WARN_UNGUARDED_AVAILABILITY = YES_AGGRESSIVE;
				CLANG_WARN_UNREACHABLE_CODE = YES;
				CLANG_WARN__DUPLICATE_METHOD_MATCH = YES;
				COPY_PHASE_STRIP = NO;
				DEBUG_INFORMATION_FORMAT = dwarf;
				ENABLE_STRICT_OBJC_MSGSEND = YES;
				ENABLE_TESTABILITY = YES;
				ENABLE_USER_SCRIPT_SANDBOXING = YES;
				GCC_C_LANGUAGE_STANDARD = gnu17;
				GCC_DYNAMIC_NO_PIC = NO;
				GCC_NO_COMMON_BLOCKS = YES;
				GCC_OPTIMIZATION_LEVEL = 0;
				GCC_PREPROCESSOR_DEFINITIONS = (
					"DEBUG=1",
					"$(inherited)",
				);
				GCC_WARN_64_TO_32_BIT_CONVERSION = YES;
				GCC_WARN_ABOUT_RETURN_TYPE = YES_ERROR;
				GCC_WARN_UNDECLARED_SELECTOR = YES;
				GCC_WARN_UNINITIALIZED_AUTOS = YES_AGGRESSIVE;
				GCC_WARN_UNUSED_FUNCTION = YES;
				GCC_WARN_UNUSED_VARIABLE = YES;
				IPHONEOS_DEPLOYMENT_TARGET = 17.4;
				LOCALIZATION_PREFERS_STRING_CATALOGS = YES;
				MTL_ENABLE_DEBUG_INFO = INCLUDE_SOURCE;
				MTL_FAST_MATH = YES;
				ONLY_ACTIVE_ARCH = YES;
				SDKROOT = iphoneos;
				SWIFT_ACTIVE_COMPILATION_CONDITIONS = "DEBUG $(inherited)";
				SWIFT_OPTIMIZATION_LEVEL = "-Onone";
			};
			name = Debug;
		};
		DAAAA9D62BD6E0200009D60C /* Release */ = {
			isa = XCBuildConfiguration;
			buildSettings = {
				ALWAYS_SEARCH_USER_PATHS = NO;
				ASSETCATALOG_COMPILER_GENERATE_SWIFT_ASSET_SYMBOL_EXTENSIONS = YES;
				CLANG_ANALYZER_NONNULL = YES;
				CLANG_ANALYZER_NUMBER_OBJECT_CONVERSION = YES_AGGRESSIVE;
				CLANG_CXX_LANGUAGE_STANDARD = "gnu++20";
				CLANG_ENABLE_MODULES = YES;
				CLANG_ENABLE_OBJC_ARC = YES;
				CLANG_ENABLE_OBJC_WEAK = YES;
				CLANG_WARN_BLOCK_CAPTURE_AUTORELEASING = YES;
				CLANG_WARN_BOOL_CONVERSION = YES;
				CLANG_WARN_COMMA = YES;
				CLANG_WARN_CONSTANT_CONVERSION = YES;
				CLANG_WARN_DEPRECATED_OBJC_IMPLEMENTATIONS = YES;
				CLANG_WARN_DIRECT_OBJC_ISA_USAGE = YES_ERROR;
				CLANG_WARN_DOCUMENTATION_COMMENTS = YES;
				CLANG_WARN_EMPTY_BODY = YES;
				CLANG_WARN_ENUM_CONVERSION = YES;
				CLANG_WARN_INFINITE_RECURSION = YES;
				CLANG_WARN_INT_CONVERSION = YES;
				CLANG_WARN_NON_LITERAL_NULL_CONVERSION = YES;
				CLANG_WARN_OBJC_IMPLICIT_RETAIN_SELF = YES;
				CLANG_WARN_OBJC_LITERAL_CONVERSION = YES;
				CLANG_WARN_OBJC_ROOT_CLASS = YES_ERROR;
				CLANG_WARN_QUOTED_INCLUDE_IN_FRAMEWORK_HEADER = YES;
				CLANG_WARN_RANGE_LOOP_ANALYSIS = YES;
				CLANG_WARN_STRICT_PROTOTYPES = YES;
				CLANG_WARN_SUSPICIOUS_MOVE = YES;
				CLANG_WARN_UNGUARDED_AVAILABILITY = YES_AGGRESSIVE;
				CLANG_WARN_UNREACHABLE_CODE = YES;
				CLANG_WARN__DUPLICATE_METHOD_MATCH = YES;
				COPY_PHASE_STRIP = NO;
				DEBUG_INFORMATION_FORMAT = "dwarf-with-dsym";
				ENABLE_NS_ASSERTIONS = NO;
				ENABLE_STRICT_OBJC_MSGSEND = YES;
				ENABLE_USER_SCRIPT_SANDBOXING = YES;
				GCC_C_LANGUAGE_STANDARD = gnu17;
				GCC_NO_COMMON_BLOCKS = YES;
				GCC_WARN_64_TO_32_BIT_CONVERSION = YES;
				GCC_WARN_ABOUT_RETURN_TYPE = YES_ERROR;
				GCC_WARN_UNDECLARED_SELECTOR = YES;
				GCC_WARN_UNINITIALIZED_AUTOS = YES_AGGRESSIVE;
				GCC_WARN_UNUSED_FUNCTION = YES;
				GCC_WARN_UNUSED_VARIABLE = YES;
				IPHONEOS_DEPLOYMENT_TARGET = 17.4;
				LOCALIZATION_PREFERS_STRING_CATALOGS = YES;
				MTL_ENABLE_DEBUG_INFO = NO;
				MTL_FAST_MATH = YES;
				SDKROOT = iphoneos;
				SWIFT_COMPILATION_MODE = wholemodule;
				VALIDATE_PRODUCT = YES;
			};
			name = Release;
		};
		DAAAA9D82BD6E0200009D60C /* Debug */ = {
			isa = XCBuildConfiguration;
			buildSettings = {
				ASSETCATALOG_COMPILER_APPICON_NAME = AppIcon;
				ASSETCATALOG_COMPILER_GLOBAL_ACCENT_COLOR_NAME = AccentColor;
				CODE_SIGN_STYLE = Automatic;
				CURRENT_PROJECT_VERSION = 1;
				DEVELOPMENT_TEAM = 6352LWX99R;
				ENABLE_USER_SCRIPT_SANDBOXING = NO;
				GENERATE_INFOPLIST_FILE = YES;
				INFOPLIST_FILE = CinemaStar/Info.plist;
				INFOPLIST_KEY_UIApplicationSupportsIndirectInputEvents = YES;
				INFOPLIST_KEY_UILaunchStoryboardName = LaunchScreen;
				INFOPLIST_KEY_UISupportedInterfaceOrientations_iPad = "UIInterfaceOrientationPortrait UIInterfaceOrientationPortraitUpsideDown UIInterfaceOrientationLandscapeLeft UIInterfaceOrientationLandscapeRight";
				INFOPLIST_KEY_UISupportedInterfaceOrientations_iPhone = "UIInterfaceOrientationPortrait UIInterfaceOrientationLandscapeLeft UIInterfaceOrientationLandscapeRight";
				IPHONEOS_DEPLOYMENT_TARGET = 16.5;
				LD_RUNPATH_SEARCH_PATHS = (
					"$(inherited)",
					"@executable_path/Frameworks",
				);
				MARKETING_VERSION = 1.0;
				PRODUCT_BUNDLE_IDENTIFIER = com.volkate.CinemaStar;
				PRODUCT_NAME = "$(TARGET_NAME)";
				SWIFT_EMIT_LOC_STRINGS = YES;
				SWIFT_VERSION = 5.0;
				TARGETED_DEVICE_FAMILY = "1,2";
			};
			name = Debug;
		};
		DAAAA9D92BD6E0200009D60C /* Release */ = {
			isa = XCBuildConfiguration;
			buildSettings = {
				ASSETCATALOG_COMPILER_APPICON_NAME = AppIcon;
				ASSETCATALOG_COMPILER_GLOBAL_ACCENT_COLOR_NAME = AccentColor;
				CODE_SIGN_STYLE = Automatic;
				CURRENT_PROJECT_VERSION = 1;
				DEVELOPMENT_TEAM = 6352LWX99R;
				ENABLE_USER_SCRIPT_SANDBOXING = NO;
				GENERATE_INFOPLIST_FILE = YES;
				INFOPLIST_FILE = CinemaStar/Info.plist;
				INFOPLIST_KEY_UIApplicationSupportsIndirectInputEvents = YES;
				INFOPLIST_KEY_UILaunchStoryboardName = LaunchScreen;
				INFOPLIST_KEY_UISupportedInterfaceOrientations_iPad = "UIInterfaceOrientationPortrait UIInterfaceOrientationPortraitUpsideDown UIInterfaceOrientationLandscapeLeft UIInterfaceOrientationLandscapeRight";
				INFOPLIST_KEY_UISupportedInterfaceOrientations_iPhone = "UIInterfaceOrientationPortrait UIInterfaceOrientationLandscapeLeft UIInterfaceOrientationLandscapeRight";
				IPHONEOS_DEPLOYMENT_TARGET = 16.5;
				LD_RUNPATH_SEARCH_PATHS = (
					"$(inherited)",
					"@executable_path/Frameworks",
				);
				MARKETING_VERSION = 1.0;
				PRODUCT_BUNDLE_IDENTIFIER = com.volkate.CinemaStar;
				PRODUCT_NAME = "$(TARGET_NAME)";
				SWIFT_EMIT_LOC_STRINGS = YES;
				SWIFT_VERSION = 5.0;
				TARGETED_DEVICE_FAMILY = "1,2";
			};
			name = Release;
		};
		DAAAA9DB2BD6E0200009D60C /* Debug */ = {
			isa = XCBuildConfiguration;
			buildSettings = {
				ALWAYS_EMBED_SWIFT_STANDARD_LIBRARIES = YES;
				BUNDLE_LOADER = "$(TEST_HOST)";
				CODE_SIGN_STYLE = Automatic;
				CURRENT_PROJECT_VERSION = 1;
				DEVELOPMENT_TEAM = 6352LWX99R;
				GENERATE_INFOPLIST_FILE = YES;
				IPHONEOS_DEPLOYMENT_TARGET = 17.4;
				MARKETING_VERSION = 1.0;
				PRODUCT_BUNDLE_IDENTIFIER = com.volkate.CinemaStarTests;
				PRODUCT_NAME = "$(TARGET_NAME)";
				SWIFT_EMIT_LOC_STRINGS = NO;
				SWIFT_VERSION = 5.0;
				TARGETED_DEVICE_FAMILY = "1,2";
				TEST_HOST = "$(BUILT_PRODUCTS_DIR)/CinemaStar.app/$(BUNDLE_EXECUTABLE_FOLDER_PATH)/CinemaStar";
			};
			name = Debug;
		};
		DAAAA9DC2BD6E0200009D60C /* Release */ = {
			isa = XCBuildConfiguration;
			buildSettings = {
				ALWAYS_EMBED_SWIFT_STANDARD_LIBRARIES = YES;
				BUNDLE_LOADER = "$(TEST_HOST)";
				CODE_SIGN_STYLE = Automatic;
				CURRENT_PROJECT_VERSION = 1;
				DEVELOPMENT_TEAM = 6352LWX99R;
				GENERATE_INFOPLIST_FILE = YES;
				IPHONEOS_DEPLOYMENT_TARGET = 17.4;
				MARKETING_VERSION = 1.0;
				PRODUCT_BUNDLE_IDENTIFIER = com.volkate.CinemaStarTests;
				PRODUCT_NAME = "$(TARGET_NAME)";
				SWIFT_EMIT_LOC_STRINGS = NO;
				SWIFT_VERSION = 5.0;
				TARGETED_DEVICE_FAMILY = "1,2";
				TEST_HOST = "$(BUILT_PRODUCTS_DIR)/CinemaStar.app/$(BUNDLE_EXECUTABLE_FOLDER_PATH)/CinemaStar";
			};
			name = Release;
		};
		DAAAA9DE2BD6E0200009D60C /* Debug */ = {
			isa = XCBuildConfiguration;
			buildSettings = {
				ALWAYS_EMBED_SWIFT_STANDARD_LIBRARIES = YES;
				CODE_SIGN_STYLE = Automatic;
				CURRENT_PROJECT_VERSION = 1;
				DEVELOPMENT_TEAM = 6352LWX99R;
				GENERATE_INFOPLIST_FILE = YES;
				MARKETING_VERSION = 1.0;
				PRODUCT_BUNDLE_IDENTIFIER = com.volkate.CinemaStarUITests;
				PRODUCT_NAME = "$(TARGET_NAME)";
				SWIFT_EMIT_LOC_STRINGS = NO;
				SWIFT_VERSION = 5.0;
				TARGETED_DEVICE_FAMILY = "1,2";
				TEST_TARGET_NAME = CinemaStar;
			};
			name = Debug;
		};
		DAAAA9DF2BD6E0200009D60C /* Release */ = {
			isa = XCBuildConfiguration;
			buildSettings = {
				ALWAYS_EMBED_SWIFT_STANDARD_LIBRARIES = YES;
				CODE_SIGN_STYLE = Automatic;
				CURRENT_PROJECT_VERSION = 1;
				DEVELOPMENT_TEAM = 6352LWX99R;
				GENERATE_INFOPLIST_FILE = YES;
				MARKETING_VERSION = 1.0;
				PRODUCT_BUNDLE_IDENTIFIER = com.volkate.CinemaStarUITests;
				PRODUCT_NAME = "$(TARGET_NAME)";
				SWIFT_EMIT_LOC_STRINGS = NO;
				SWIFT_VERSION = 5.0;
				TARGETED_DEVICE_FAMILY = "1,2";
				TEST_TARGET_NAME = CinemaStar;
			};
			name = Release;
		};
/* End XCBuildConfiguration section */

/* Begin XCConfigurationList section */
		DAAAA9A82BD6E01A0009D60C /* Build configuration list for PBXProject "CinemaStar" */ = {
			isa = XCConfigurationList;
			buildConfigurations = (
				DAAAA9D52BD6E0200009D60C /* Debug */,
				DAAAA9D62BD6E0200009D60C /* Release */,
			);
			defaultConfigurationIsVisible = 0;
			defaultConfigurationName = Release;
		};
		DAAAA9D72BD6E0200009D60C /* Build configuration list for PBXNativeTarget "CinemaStar" */ = {
			isa = XCConfigurationList;
			buildConfigurations = (
				DAAAA9D82BD6E0200009D60C /* Debug */,
				DAAAA9D92BD6E0200009D60C /* Release */,
			);
			defaultConfigurationIsVisible = 0;
			defaultConfigurationName = Release;
		};
		DAAAA9DA2BD6E0200009D60C /* Build configuration list for PBXNativeTarget "CinemaStarTests" */ = {
			isa = XCConfigurationList;
			buildConfigurations = (
				DAAAA9DB2BD6E0200009D60C /* Debug */,
				DAAAA9DC2BD6E0200009D60C /* Release */,
			);
			defaultConfigurationIsVisible = 0;
			defaultConfigurationName = Release;
		};
		DAAAA9DD2BD6E0200009D60C /* Build configuration list for PBXNativeTarget "CinemaStarUITests" */ = {
			isa = XCConfigurationList;
			buildConfigurations = (
				DAAAA9DE2BD6E0200009D60C /* Debug */,
				DAAAA9DF2BD6E0200009D60C /* Release */,
			);
			defaultConfigurationIsVisible = 0;
			defaultConfigurationName = Release;
		};
/* End XCConfigurationList section */

/* Begin XCRemoteSwiftPackageReference section */
		DACF25BF2BD83FC000D78225 /* XCRemoteSwiftPackageReference "Keychain.swift" */ = {
			isa = XCRemoteSwiftPackageReference;
			repositoryURL = "https://github.com/groupeminaste/Keychain.swift.git";
			requirement = {
				kind = upToNextMajorVersion;
				minimumVersion = 1.0.5;
			};
		};
		DACF25CE2BD99B0500D78225 /* XCRemoteSwiftPackageReference "SnapKit" */ = {
			isa = XCRemoteSwiftPackageReference;
			repositoryURL = "https://github.com/SnapKit/SnapKit.git";
			requirement = {
				kind = upToNextMajorVersion;
				minimumVersion = 5.7.1;
			};
		};
/* End XCRemoteSwiftPackageReference section */

/* Begin XCSwiftPackageProductDependency section */
		DACF25C42BD840E200D78225 /* Keychain */ = {
			isa = XCSwiftPackageProductDependency;
			package = DACF25BF2BD83FC000D78225 /* XCRemoteSwiftPackageReference "Keychain.swift" */;
			productName = Keychain;
		};
		DACF25CF2BD99B1300D78225 /* SnapKit */ = {
			isa = XCSwiftPackageProductDependency;
			package = DACF25CE2BD99B0500D78225 /* XCRemoteSwiftPackageReference "SnapKit" */;
			productName = SnapKit;
		};
/* End XCSwiftPackageProductDependency section */
	};
	rootObject = DAAAA9A52BD6E01A0009D60C /* Project object */;
}
